// !$*UTF8*$!
{
	archiveVersion = 1;
	classes = {
	};
	objectVersion = 48;
	objects = {

/* Begin PBXBuildFile section */
		420601141FC8F74C00F83EE4 /* Images.xcassets in Resources */ = {isa = PBXBuildFile; fileRef = 420601131FC8F74C00F83EE4 /* Images.xcassets */; };
		420601181FC904E200F83EE4 /* icon_white_bkg.png in Resources */ = {isa = PBXBuildFile; fileRef = 420601171FC904E200F83EE4 /* icon_white_bkg.png */; };
		4206011C1FC905C400F83EE4 /* icon_cw_logo.png in Resources */ = {isa = PBXBuildFile; fileRef = 4206011B1FC905C300F83EE4 /* icon_cw_logo.png */; };
		4206011E1FC9076600F83EE4 /* icon_white_bkg_400x240.png in Resources */ = {isa = PBXBuildFile; fileRef = 4206011D1FC9076500F83EE4 /* icon_white_bkg_400x240.png */; };
		4244FE651FBBDFA40057AC50 /* VCCheckout.m in Sources */ = {isa = PBXBuildFile; fileRef = 4244FE631FBBDFA40057AC50 /* VCCheckout.m */; };
		4244FE761FBBEE330057AC50 /* icon_checkout_60.png in Resources */ = {isa = PBXBuildFile; fileRef = 4244FE731FBBEE330057AC50 /* icon_checkout_60.png */; };
		4244FE771FBBEE330057AC50 /* icon_login_60.png in Resources */ = {isa = PBXBuildFile; fileRef = 4244FE741FBBEE330057AC50 /* icon_login_60.png */; };
		4244FE781FBBEE330057AC50 /* icon_signup_60.png in Resources */ = {isa = PBXBuildFile; fileRef = 4244FE751FBBEE330057AC50 /* icon_signup_60.png */; };
		427BAADD1FBBD63B0001996C /* AppDelegate.m in Sources */ = {isa = PBXBuildFile; fileRef = 427BAADC1FBBD63B0001996C /* AppDelegate.m */; };
		427BAAE01FBBD63B0001996C /* VCSignup.m in Sources */ = {isa = PBXBuildFile; fileRef = 427BAADF1FBBD63B0001996C /* VCSignup.m */; };
		427BAAE31FBBD63B0001996C /* VCLogin.m in Sources */ = {isa = PBXBuildFile; fileRef = 427BAAE21FBBD63B0001996C /* VCLogin.m */; };
		427BAAE61FBBD63B0001996C /* Main.storyboard in Resources */ = {isa = PBXBuildFile; fileRef = 427BAAE41FBBD63B0001996C /* Main.storyboard */; };
		427BAAEB1FBBD63B0001996C /* main.m in Sources */ = {isa = PBXBuildFile; fileRef = 427BAAEA1FBBD63B0001996C /* main.m */; };
		427EF4621FBE024400E558DB /* Cipherwallet.m in Sources */ = {isa = PBXBuildFile; fileRef = 427EF4611FBE024400E558DB /* Cipherwallet.m */; };
		427EF4671FC0CC4200E558DB /* qr_done.png in Resources */ = {isa = PBXBuildFile; fileRef = 427EF4631FC0CC4200E558DB /* qr_done.png */; };
		427EF4681FC0CC4200E558DB /* qr_error.png in Resources */ = {isa = PBXBuildFile; fileRef = 427EF4641FC0CC4200E558DB /* qr_error.png */; };
		427EF4691FC0CC4200E558DB /* qr_placeholder.png in Resources */ = {isa = PBXBuildFile; fileRef = 427EF4651FC0CC4200E558DB /* qr_placeholder.png */; };
		427EF46A1FC0CC4200E558DB /* qr_expired.png in Resources */ = {isa = PBXBuildFile; fileRef = 427EF4661FC0CC4200E558DB /* qr_expired.png */; };
		42CC8B051FC923ED00EA5208 /* README in Resources */ = {isa = PBXBuildFile; fileRef = 42CC8B041FC923EC00EA5208 /* README */; };
/* End PBXBuildFile section */

/* Begin PBXFileReference section */
		420601131FC8F74C00F83EE4 /* Images.xcassets */ = {isa = PBXFileReference; lastKnownFileType = folder.assetcatalog; path = Images.xcassets; sourceTree = "<group>"; };
		420601171FC904E200F83EE4 /* icon_white_bkg.png */ = {isa = PBXFileReference; lastKnownFileType = image.png; name = icon_white_bkg.png; path = cwtv/icon_white_bkg.png; sourceTree = SOURCE_ROOT; };
		4206011B1FC905C300F83EE4 /* icon_cw_logo.png */ = {isa = PBXFileReference; lastKnownFileType = image.png; name = icon_cw_logo.png; path = cwtv/icon_cw_logo.png; sourceTree = SOURCE_ROOT; };
		4206011D1FC9076500F83EE4 /* icon_white_bkg_400x240.png */ = {isa = PBXFileReference; lastKnownFileType = image.png; name = icon_white_bkg_400x240.png; path = cwtv/icon_white_bkg_400x240.png; sourceTree = SOURCE_ROOT; };
		4244FE631FBBDFA40057AC50 /* VCCheckout.m */ = {isa = PBXFileReference; fileEncoding = 4; lastKnownFileType = sourcecode.c.objc; path = VCCheckout.m; sourceTree = "<group>"; };
		4244FE641FBBDFA40057AC50 /* VCCheckout.h */ = {isa = PBXFileReference; fileEncoding = 4; lastKnownFileType = sourcecode.c.h; path = VCCheckout.h; sourceTree = "<group>"; };
		4244FE731FBBEE330057AC50 /* icon_checkout_60.png */ = {isa = PBXFileReference; lastKnownFileType = image.png; name = icon_checkout_60.png; path = cwtv/Assets.xcassets/icon_checkout_60.png; sourceTree = SOURCE_ROOT; };
		4244FE741FBBEE330057AC50 /* icon_login_60.png */ = {isa = PBXFileReference; lastKnownFileType = image.png; name = icon_login_60.png; path = cwtv/Assets.xcassets/icon_login_60.png; sourceTree = SOURCE_ROOT; };
		4244FE751FBBEE330057AC50 /* icon_signup_60.png */ = {isa = PBXFileReference; lastKnownFileType = image.png; name = icon_signup_60.png; path = cwtv/Assets.xcassets/icon_signup_60.png; sourceTree = SOURCE_ROOT; };
		427BAAD81FBBD63B0001996C /* cwtv.app */ = {isa = PBXFileReference; explicitFileType = wrapper.application; includeInIndex = 0; path = cwtv.app; sourceTree = BUILT_PRODUCTS_DIR; };
		427BAADB1FBBD63B0001996C /* AppDelegate.h */ = {isa = PBXFileReference; lastKnownFileType = sourcecode.c.h; path = AppDelegate.h; sourceTree = "<group>"; };
		427BAADC1FBBD63B0001996C /* AppDelegate.m */ = {isa = PBXFileReference; lastKnownFileType = sourcecode.c.objc; path = AppDelegate.m; sourceTree = "<group>"; };
		427BAADE1FBBD63B0001996C /* VCSignup.h */ = {isa = PBXFileReference; lastKnownFileType = sourcecode.c.h; path = VCSignup.h; sourceTree = "<group>"; };
		427BAADF1FBBD63B0001996C /* VCSignup.m */ = {isa = PBXFileReference; lastKnownFileType = sourcecode.c.objc; path = VCSignup.m; sourceTree = "<group>"; };
		427BAAE11FBBD63B0001996C /* VCLogin.h */ = {isa = PBXFileReference; lastKnownFileType = sourcecode.c.h; path = VCLogin.h; sourceTree = "<group>"; };
		427BAAE21FBBD63B0001996C /* VCLogin.m */ = {isa = PBXFileReference; lastKnownFileType = sourcecode.c.objc; path = VCLogin.m; sourceTree = "<group>"; };
		427BAAE51FBBD63B0001996C /* Base */ = {isa = PBXFileReference; lastKnownFileType = file.storyboard; name = Base; path = Base.lproj/Main.storyboard; sourceTree = "<group>"; };
		427BAAE91FBBD63B0001996C /* Info.plist */ = {isa = PBXFileReference; lastKnownFileType = text.plist.xml; path = Info.plist; sourceTree = "<group>"; };
		427BAAEA1FBBD63B0001996C /* main.m */ = {isa = PBXFileReference; lastKnownFileType = sourcecode.c.objc; path = main.m; sourceTree = "<group>"; };
		427EF4601FBE024400E558DB /* Cipherwallet.h */ = {isa = PBXFileReference; lastKnownFileType = sourcecode.c.h; path = Cipherwallet.h; sourceTree = "<group>"; };
		427EF4611FBE024400E558DB /* Cipherwallet.m */ = {isa = PBXFileReference; lastKnownFileType = sourcecode.c.objc; path = Cipherwallet.m; sourceTree = "<group>"; };
		427EF4631FC0CC4200E558DB /* qr_done.png */ = {isa = PBXFileReference; lastKnownFileType = image.png; name = qr_done.png; path = cwtv/Assets.xcassets/qr_done.png; sourceTree = SOURCE_ROOT; };
		427EF4641FC0CC4200E558DB /* qr_error.png */ = {isa = PBXFileReference; lastKnownFileType = image.png; name = qr_error.png; path = cwtv/Assets.xcassets/qr_error.png; sourceTree = SOURCE_ROOT; };
		427EF4651FC0CC4200E558DB /* qr_placeholder.png */ = {isa = PBXFileReference; lastKnownFileType = image.png; name = qr_placeholder.png; path = cwtv/Assets.xcassets/qr_placeholder.png; sourceTree = SOURCE_ROOT; };
		427EF4661FC0CC4200E558DB /* qr_expired.png */ = {isa = PBXFileReference; lastKnownFileType = image.png; name = qr_expired.png; path = cwtv/Assets.xcassets/qr_expired.png; sourceTree = SOURCE_ROOT; };
		42CC8B041FC923EC00EA5208 /* README */ = {isa = PBXFileReference; fileEncoding = 4; lastKnownFileType = text; path = README; sourceTree = SOURCE_ROOT; };
/* End PBXFileReference section */

/* Begin PBXFrameworksBuildPhase section */
		427BAAD51FBBD63B0001996C /* Frameworks */ = {
			isa = PBXFrameworksBuildPhase;
			buildActionMask = 2147483647;
			files = (
			);
			runOnlyForDeploymentPostprocessing = 0;
		};
/* End PBXFrameworksBuildPhase section */

/* Begin PBXGroup section */
		4244FE6C1FBBEC4B0057AC50 /* assets */ = {
			isa = PBXGroup;
			children = (
				4206011D1FC9076500F83EE4 /* icon_white_bkg_400x240.png */,
				4206011B1FC905C300F83EE4 /* icon_cw_logo.png */,
				420601171FC904E200F83EE4 /* icon_white_bkg.png */,
				427EF4631FC0CC4200E558DB /* qr_done.png */,
				427EF4641FC0CC4200E558DB /* qr_error.png */,
				427EF4661FC0CC4200E558DB /* qr_expired.png */,
				427EF4651FC0CC4200E558DB /* qr_placeholder.png */,
				4244FE731FBBEE330057AC50 /* icon_checkout_60.png */,
				4244FE741FBBEE330057AC50 /* icon_login_60.png */,
				4244FE751FBBEE330057AC50 /* icon_signup_60.png */,
			);
			path = assets;
			sourceTree = "<group>";
		};
		427BAACF1FBBD63B0001996C = {
			isa = PBXGroup;
			children = (
				427BAADA1FBBD63B0001996C /* cwtv */,
				427BAAD91FBBD63B0001996C /* Products */,
			);
			sourceTree = "<group>";
		};
		427BAAD91FBBD63B0001996C /* Products */ = {
			isa = PBXGroup;
			children = (
				427BAAD81FBBD63B0001996C /* cwtv.app */,
			);
			name = Products;
			sourceTree = "<group>";
		};
		427BAADA1FBBD63B0001996C /* cwtv */ = {
			isa = PBXGroup;
			children = (
				427EF4601FBE024400E558DB /* Cipherwallet.h */,
				427EF4611FBE024400E558DB /* Cipherwallet.m */,
				427BAADB1FBBD63B0001996C /* AppDelegate.h */,
				427BAADC1FBBD63B0001996C /* AppDelegate.m */,
				4244FE641FBBDFA40057AC50 /* VCCheckout.h */,
				4244FE631FBBDFA40057AC50 /* VCCheckout.m */,
				427BAADE1FBBD63B0001996C /* VCSignup.h */,
				427BAADF1FBBD63B0001996C /* VCSignup.m */,
				427BAAE11FBBD63B0001996C /* VCLogin.h */,
				427BAAE21FBBD63B0001996C /* VCLogin.m */,
				427BAAE41FBBD63B0001996C /* Main.storyboard */,
				4244FE6C1FBBEC4B0057AC50 /* assets */,
				427BAAE91FBBD63B0001996C /* Info.plist */,
				427BAAEA1FBBD63B0001996C /* main.m */,
				420601131FC8F74C00F83EE4 /* Images.xcassets */,
				42CC8B041FC923EC00EA5208 /* README */,
			);
			path = cwtv;
			sourceTree = "<group>";
		};
/* End PBXGroup section */

/* Begin PBXNativeTarget section */
		427BAAD71FBBD63B0001996C /* cwtv */ = {
			isa = PBXNativeTarget;
			buildConfigurationList = 427BAAEE1FBBD63B0001996C /* Build configuration list for PBXNativeTarget "cwtv" */;
			buildPhases = (
				427BAAD41FBBD63B0001996C /* Sources */,
				427BAAD51FBBD63B0001996C /* Frameworks */,
				427BAAD61FBBD63B0001996C /* Resources */,
			);
			buildRules = (
			);
			dependencies = (
			);
			name = cwtv;
			productName = cwtv;
			productReference = 427BAAD81FBBD63B0001996C /* cwtv.app */;
			productType = "com.apple.product-type.application";
		};
/* End PBXNativeTarget section */

/* Begin PBXProject section */
		427BAAD01FBBD63B0001996C /* Project object */ = {
			isa = PBXProject;
			attributes = {
				LastUpgradeCheck = 0910;
				ORGANIZATIONNAME = "Radu Maierean";
				TargetAttributes = {
					427BAAD71FBBD63B0001996C = {
						CreatedOnToolsVersion = 9.1;
						ProvisioningStyle = Automatic;
					};
				};
			};
			buildConfigurationList = 427BAAD31FBBD63B0001996C /* Build configuration list for PBXProject "cwtv" */;
			compatibilityVersion = "Xcode 8.0";
			developmentRegion = en;
			hasScannedForEncodings = 0;
			knownRegions = (
				en,
				Base,
			);
			mainGroup = 427BAACF1FBBD63B0001996C;
			productRefGroup = 427BAAD91FBBD63B0001996C /* Products */;
			projectDirPath = "";
			projectRoot = "";
			targets = (
				427BAAD71FBBD63B0001996C /* cwtv */,
			);
		};
/* End PBXProject section */

/* Begin PBXResourcesBuildPhase section */
		427BAAD61FBBD63B0001996C /* Resources */ = {
			isa = PBXResourcesBuildPhase;
			buildActionMask = 2147483647;
			files = (
				42CC8B051FC923ED00EA5208 /* README in Resources */,
				420601141FC8F74C00F83EE4 /* Images.xcassets in Resources */,
				4244FE761FBBEE330057AC50 /* icon_checkout_60.png in Resources */,
				4206011E1FC9076600F83EE4 /* icon_white_bkg_400x240.png in Resources */,
				427EF4671FC0CC4200E558DB /* qr_done.png in Resources */,
				4244FE781FBBEE330057AC50 /* icon_signup_60.png in Resources */,
				427EF4691FC0CC4200E558DB /* qr_placeholder.png in Resources */,
				420601181FC904E200F83EE4 /* icon_white_bkg.png in Resources */,
				4206011C1FC905C400F83EE4 /* icon_cw_logo.png in Resources */,
				427EF46A1FC0CC4200E558DB /* qr_expired.png in Resources */,
				427EF4681FC0CC4200E558DB /* qr_error.png in Resources */,
				4244FE771FBBEE330057AC50 /* icon_login_60.png in Resources */,
				427BAAE61FBBD63B0001996C /* Main.storyboard in Resources */,
			);
			runOnlyForDeploymentPostprocessing = 0;
		};
/* End PBXResourcesBuildPhase section */

/* Begin PBXSourcesBuildPhase section */
		427BAAD41FBBD63B0001996C /* Sources */ = {
			isa = PBXSourcesBuildPhase;
			buildActionMask = 2147483647;
			files = (
				427BAAE31FBBD63B0001996C /* VCLogin.m in Sources */,
				4244FE651FBBDFA40057AC50 /* VCCheckout.m in Sources */,
				427BAADD1FBBD63B0001996C /* AppDelegate.m in Sources */,
				427EF4621FBE024400E558DB /* Cipherwallet.m in Sources */,
				427BAAEB1FBBD63B0001996C /* main.m in Sources */,
				427BAAE01FBBD63B0001996C /* VCSignup.m in Sources */,
			);
			runOnlyForDeploymentPostprocessing = 0;
		};
/* End PBXSourcesBuildPhase section */

/* Begin PBXVariantGroup section */
		427BAAE41FBBD63B0001996C /* Main.storyboard */ = {
			isa = PBXVariantGroup;
			children = (
				427BAAE51FBBD63B0001996C /* Base */,
			);
			name = Main.storyboard;
			sourceTree = "<group>";
		};
/* End PBXVariantGroup section */

/* Begin XCBuildConfiguration section */
		427BAAEC1FBBD63B0001996C /* Debug */ = {
			isa = XCBuildConfiguration;
			buildSettings = {
				ALWAYS_SEARCH_USER_PATHS = NO;
				CLANG_ANALYZER_NONNULL = YES;
				CLANG_ANALYZER_NUMBER_OBJECT_CONVERSION = YES_AGGRESSIVE;
				CLANG_CXX_LANGUAGE_STANDARD = "gnu++14";
				CLANG_CXX_LIBRARY = "libc++";
				CLANG_ENABLE_MODULES = YES;
				CLANG_ENABLE_OBJC_ARC = YES;
				CLANG_WARN_BLOCK_CAPTURE_AUTORELEASING = YES;
				CLANG_WARN_BOOL_CONVERSION = YES;
				CLANG_WARN_COMMA = YES;
				CLANG_WARN_CONSTANT_CONVERSION = YES;
				CLANG_WARN_DIRECT_OBJC_ISA_USAGE = YES_ERROR;
				CLANG_WARN_DOCUMENTATION_COMMENTS = YES;
				CLANG_WARN_EMPTY_BODY = YES;
				CLANG_WARN_ENUM_CONVERSION = YES;
				CLANG_WARN_INFINITE_RECURSION = YES;
				CLANG_WARN_INT_CONVERSION = YES;
				CLANG_WARN_NON_LITERAL_NULL_CONVERSION = YES;
				CLANG_WARN_OBJC_LITERAL_CONVERSION = YES;
				CLANG_WARN_OBJC_ROOT_CLASS = YES_ERROR;
				CLANG_WARN_RANGE_LOOP_ANALYSIS = YES;
				CLANG_WARN_STRICT_PROTOTYPES = YES;
				CLANG_WARN_SUSPICIOUS_MOVE = YES;
				CLANG_WARN_UNGUARDED_AVAILABILITY = YES_AGGRESSIVE;
				CLANG_WARN_UNREACHABLE_CODE = YES;
				CLANG_WARN__DUPLICATE_METHOD_MATCH = YES;
				COPY_PHASE_STRIP = NO;
				DEBUG_INFORMATION_FORMAT = dwarf;
				ENABLE_STRICT_OBJC_MSGSEND = YES;
				ENABLE_TESTABILITY = YES;
				GCC_C_LANGUAGE_STANDARD = gnu11;
				GCC_DYNAMIC_NO_PIC = NO;
				GCC_NO_COMMON_BLOCKS = YES;
				GCC_OPTIMIZATION_LEVEL = 0;
				GCC_PREPROCESSOR_DEFINITIONS = (
					"DEBUG=1",
					"$(inherited)",
				);
				GCC_WARN_64_TO_32_BIT_CONVERSION = YES;
				GCC_WARN_ABOUT_RETURN_TYPE = YES_ERROR;
				GCC_WARN_UNDECLARED_SELECTOR = YES;
				GCC_WARN_UNINITIALIZED_AUTOS = YES_AGGRESSIVE;
				GCC_WARN_UNUSED_FUNCTION = YES;
				GCC_WARN_UNUSED_VARIABLE = YES;
				MTL_ENABLE_DEBUG_INFO = YES;
				ONLY_ACTIVE_ARCH = YES;
				SDKROOT = appletvos;
				TVOS_DEPLOYMENT_TARGET = 11.1;
			};
			name = Debug;
		};
		427BAAED1FBBD63B0001996C /* Release */ = {
			isa = XCBuildConfiguration;
			buildSettings = {
				ALWAYS_SEARCH_USER_PATHS = NO;
				CLANG_ANALYZER_NONNULL = YES;
				CLANG_ANALYZER_NUMBER_OBJECT_CONVERSION = YES_AGGRESSIVE;
				CLANG_CXX_LANGUAGE_STANDARD = "gnu++14";
				CLANG_CXX_LIBRARY = "libc++";
				CLANG_ENABLE_MODULES = YES;
				CLANG_ENABLE_OBJC_ARC = YES;
				CLANG_WARN_BLOCK_CAPTURE_AUTORELEASING = YES;
				CLANG_WARN_BOOL_CONVERSION = YES;
				CLANG_WARN_COMMA = YES;
				CLANG_WARN_CONSTANT_CONVERSION = YES;
				CLANG_WARN_DIRECT_OBJC_ISA_USAGE = YES_ERROR;
				CLANG_WARN_DOCUMENTATION_COMMENTS = YES;
				CLANG_WARN_EMPTY_BODY = YES;
				CLANG_WARN_ENUM_CONVERSION = YES;
				CLANG_WARN_INFINITE_RECURSION = YES;
				CLANG_WARN_INT_CONVERSION = YES;
				CLANG_WARN_NON_LITERAL_NULL_CONVERSION = YES;
				CLANG_WARN_OBJC_LITERAL_CONVERSION = YES;
				CLANG_WARN_OBJC_ROOT_CLASS = YES_ERROR;
				CLANG_WARN_RANGE_LOOP_ANALYSIS = YES;
				CLANG_WARN_STRICT_PROTOTYPES = YES;
				CLANG_WARN_SUSPICIOUS_MOVE = YES;
				CLANG_WARN_UNGUARDED_AVAILABILITY = YES_AGGRESSIVE;
				CLANG_WARN_UNREACHABLE_CODE = YES;
				CLANG_WARN__DUPLICATE_METHOD_MATCH = YES;
				COPY_PHASE_STRIP = NO;
				DEBUG_INFORMATION_FORMAT = "dwarf-with-dsym";
				ENABLE_NS_ASSERTIONS = NO;
				ENABLE_STRICT_OBJC_MSGSEND = YES;
				GCC_C_LANGUAGE_STANDARD = gnu11;
				GCC_NO_COMMON_BLOCKS = YES;
				GCC_WARN_64_TO_32_BIT_CONVERSION = YES;
				GCC_WARN_ABOUT_RETURN_TYPE = YES_ERROR;
				GCC_WARN_UNDECLARED_SELECTOR = YES;
				GCC_WARN_UNINITIALIZED_AUTOS = YES_AGGRESSIVE;
				GCC_WARN_UNUSED_FUNCTION = YES;
				GCC_WARN_UNUSED_VARIABLE = YES;
				MTL_ENABLE_DEBUG_INFO = NO;
				SDKROOT = appletvos;
				TVOS_DEPLOYMENT_TARGET = 11.1;
				VALIDATE_PRODUCT = YES;
			};
			name = Release;
		};
		427BAAEF1FBBD63B0001996C /* Debug */ = {
			isa = XCBuildConfiguration;
			buildSettings = {
				ASSETCATALOG_COMPILER_APPICON_NAME = "Brand Assets";
				ASSETCATALOG_COMPILER_LAUNCHIMAGE_NAME = LaunchImage;
				CODE_SIGN_STYLE = Automatic;
				DEVELOPMENT_TEAM = 782V7M83R6;
				INFOPLIST_FILE = cwtv/Info.plist;
				LD_RUNPATH_SEARCH_PATHS = "$(inherited) @executable_path/Frameworks";
				PRODUCT_BUNDLE_IDENTIFIER = io.cqr.cwtv;
				PRODUCT_NAME = "$(TARGET_NAME)";
				TARGETED_DEVICE_FAMILY = 3;
			};
			name = Debug;
		};
		427BAAF01FBBD63B0001996C /* Release */ = {
			isa = XCBuildConfiguration;
			buildSettings = {
				ASSETCATALOG_COMPILER_APPICON_NAME = "Brand Assets";
				ASSETCATALOG_COMPILER_LAUNCHIMAGE_NAME = LaunchImage;
				CODE_SIGN_STYLE = Automatic;
				DEVELOPMENT_TEAM = 782V7M83R6;
				INFOPLIST_FILE = cwtv/Info.plist;
				LD_RUNPATH_SEARCH_PATHS = "$(inherited) @executable_path/Frameworks";
				PRODUCT_BUNDLE_IDENTIFIER = io.cqr.cwtv;
				PRODUCT_NAME = "$(TARGET_NAME)";
				TARGETED_DEVICE_FAMILY = 3;
			};
			name = Release;
		};
/* End XCBuildConfiguration section */

/* Begin XCConfigurationList section */
		427BAAD31FBBD63B0001996C /* Build configuration list for PBXProject "cwtv" */ = {
			isa = XCConfigurationList;
			buildConfigurations = (
				427BAAEC1FBBD63B0001996C /* Debug */,
				427BAAED1FBBD63B0001996C /* Release */,
			);
			defaultConfigurationIsVisible = 0;
			defaultConfigurationName = Release;
		};
		427BAAEE1FBBD63B0001996C /* Build configuration list for PBXNativeTarget "cwtv" */ = {
			isa = XCConfigurationList;
			buildConfigurations = (
				427BAAEF1FBBD63B0001996C /* Debug */,
				427BAAF01FBBD63B0001996C /* Release */,
			);
			defaultConfigurationIsVisible = 0;
			defaultConfigurationName = Release;
		};
/* End XCConfigurationList section */
	};
	rootObject = 427BAAD01FBBD63B0001996C /* Project object */;
}
